hash: 1e7811d422e09eb854629af160f5a551d40b831bf0b79c803b673a3728d50dd5
updated: 2018-01-01T20:10:36.143592117+09:00
imports:
- name: github.com/BurntSushi/toml
  version: b26d9c308763d68093482582cea63d69be07a0f0
- name: github.com/sirupsen/logrus
  version: d682213848ed68c0a260ca37d6dd5ace8423f5ba
testImports: []
